
Microsoft Visual Studio Solution File, Format Version 12.00
# Visual Studio Version 17
VisualStudioVersion = 17.1.32421.90
MinimumVisualStudioVersion = 10.0.40219.1
Project("{F184B08F-C81C-45F6-A57F-5ABD9991F28F}") = "VACCAL COMPANY", "VACCAL COMPANY\VACCAL COMPANY.vbproj", "{BB4631C0-E15A-49E0-B3AD-2E068C00AA3F}"
EndProject
Global
	GlobalSection(SolutionConfigurationPlatforms) = preSolution
		Debug|Any CPU = Debug|Any CPU
		Release|Any CPU = Release|Any CPU
	EndGlobalSection
	GlobalSection(ProjectConfigurationPlatforms) = postSolution
		{BB4631C0-E15A-49E0-B3AD-2E068C00AA3F}.Debug|Any CPU.ActiveCfg = Debug|Any CPU
		{BB4631C0-E15A-49E0-B3AD-2E068C00AA3F}.Debug|Any CPU.Build.0 = Debug|Any CPU
		{BB4631C0-E15A-49E0-B3AD-2E068C00AA3F}.Release|Any CPU.ActiveCfg = Release|Any CPU
		{BB4631C0-E15A-49E0-B3AD-2E068C00AA3F}.Release|Any CPU.Build.0 = Release|Any CPU
	EndGlobalSection
	GlobalSection(SolutionProperties) = preSolution
		HideSolutionNode = FALSE
	EndGlobalSection
	GlobalSection(ExtensibilityGlobals) = postSolution
		SolutionGuid = {CF832D4E-D478-46AC-98F3-3F2E0647C518}
	EndGlobalSection
EndGlobal
